<?xml version="1.0" encoding="utf-8"?>
<Project ToolsVersion="4.0" xmlns="http://schemas.microsoft.com/developer/msbuild/2003">
  <ItemGroup>
    <ClCompile Include="src\main.cpp" />
    <ClCompile Include="src\StateMachine.cpp" />
    <ClCompile Include="src\AssetManager.cpp" />
    <ClCompile Include="src\InputManager.cpp" />
    <ClCompile Include="src\Game.cpp" />
    <ClCompile Include="src\MainMenuState.cpp" />
    <ClCompile Include="src\GameState.cpp" />
    <ClCompile Include="src\GameOverState.cpp" />
    <ClCompile Include="src\Pipe.cpp" />
    <ClCompile Include="src\Land.cpp" />
    <ClCompile Include="src\Bird.cpp" />
    <ClCompile Include="src\Collision.cpp" />
    <ClCompile Include="src\Flash.cpp" />
  </ItemGroup>
  <ItemGroup>
    <ClInclude Include="src\state.h" />
    <ClInclude Include="src\StateMachine.h" />
    <ClInclude Include="src\AssetManager.h" />
    <ClInclude Include="src\InputManager.h" />
    <ClInclude Include="src\Game.h" />
    <ClInclude Include="src\DEFINITIONS.h" />
    <ClInclude Include="src\MainMenuState.h" />
    <ClInclude Include="src\GameState.h" />
    <ClInclude Include="src\GameOverState.h" />
    <ClInclude Include="src\Pipe.h" />
    <ClInclude Include="src\Land.h" />
    <ClInclude Include="src\Bird.h" />
    <ClInclude Include="src\Collision.h" />
    <ClInclude Include="src\Flash.h" />
    <ClInclude Include="src\icon.h" />
    <ClInclude Include="resource.h" />
  </ItemGroup>
  <ItemGroup>
    <Image Include="Resources\res\exeicon.png" />
    <Image Include="Resources\res\exeicon.ico" />
  </ItemGroup>
  <ItemGroup>
    <ResourceCompile Include="Flappy Bird.rc" />
  </ItemGroup>
</Project>